
Microsoft Visual Studio Solution File, Format Version 12.00
# Visual Studio Version 16
VisualStudioVersion = 16.0.30717.126
MinimumVisualStudioVersion = 10.0.40219.1
Project("{FAE04EC0-301F-11D3-BF4B-00C04F79EFBC}") = "WebAppECommerce", "WebAppECommerce\WebAppECommerce.csproj", "{360AD6DC-811D-4629-9B28-B7FA29E506A5}"
EndProject
Global
	GlobalSection(SolutionConfigurationPlatforms) = preSolution
		Debug|Any CPU = Debug|Any CPU
		Release|Any CPU = Release|Any CPU
	EndGlobalSection
	GlobalSection(ProjectConfigurationPlatforms) = postSolution
		{360AD6DC-811D-4629-9B28-B7FA29E506A5}.Debug|Any CPU.ActiveCfg = Debug|Any CPU
		{360AD6DC-811D-4629-9B28-B7FA29E506A5}.Debug|Any CPU.Build.0 = Debug|Any CPU
		{360AD6DC-811D-4629-9B28-B7FA29E506A5}.Release|Any CPU.ActiveCfg = Release|Any CPU
		{360AD6DC-811D-4629-9B28-B7FA29E506A5}.Release|Any CPU.Build.0 = Release|Any CPU
	EndGlobalSection
	GlobalSection(SolutionProperties) = preSolution
		HideSolutionNode = FALSE
	EndGlobalSection
	GlobalSection(ExtensibilityGlobals) = postSolution
		SolutionGuid = {06378081-2B10-4F6A-93A9-22BF4D0027B5}
	EndGlobalSection
EndGlobal
